schema: '2.0'
stages:
  load_data:
    cmd: python src/load_data.py --config=params.yaml
    deps:
    - path: data_given/creditcard.csv
      md5: e90efcb83d69faf99fcab8b0255024de
      size: 150828752
    - path: src/get_data.py
      md5: a0b3d510632e2bf9f75f0fe10c898ed5
      size: 603
    - path: src/load_data.py
      md5: c3491fd0072da78caaa0a1a8aac21af0
      size: 508
    outs:
    - path: data/raw/creditcard.csv
      md5: dc31d6eb183be31c3ada5ab12115bdd2
      size: 151102405
